
Microsoft Visual Studio Solution File, Format Version 12.00
# Visual Studio 15
VisualStudioVersion = 15.0.27428.2005
MinimumVisualStudioVersion = 10.0.40219.1
Project("{FAE04EC0-301F-11D3-BF4B-00C04F79EFBC}") = "Encrypt", "Encrypt\Encrypt.csproj", "{22FA992E-7220-4AF1-B25D-A905D2027637}"
EndProject
Global
	GlobalSection(SolutionConfigurationPlatforms) = preSolution
		Debug|Any CPU = Debug|Any CPU
		Release|Any CPU = Release|Any CPU
	EndGlobalSection
	GlobalSection(ProjectConfigurationPlatforms) = postSolution
		{22FA992E-7220-4AF1-B25D-A905D2027637}.Debug|Any CPU.ActiveCfg = Debug|Any CPU
		{22FA992E-7220-4AF1-B25D-A905D2027637}.Debug|Any CPU.Build.0 = Debug|Any CPU
		{22FA992E-7220-4AF1-B25D-A905D2027637}.Release|Any CPU.ActiveCfg = Release|Any CPU
		{22FA992E-7220-4AF1-B25D-A905D2027637}.Release|Any CPU.Build.0 = Release|Any CPU
	EndGlobalSection
	GlobalSection(SolutionProperties) = preSolution
		HideSolutionNode = FALSE
	EndGlobalSection
	GlobalSection(ExtensibilityGlobals) = postSolution
		SolutionGuid = {59FBC5CB-D08A-42DC-BB2E-F27D94EFA45F}
	EndGlobalSection
EndGlobal
