
Microsoft Visual Studio Solution File, Format Version 12.00
# Visual Studio 15
VisualStudioVersion = 15.0.27428.2005
MinimumVisualStudioVersion = 10.0.40219.1
Project("{9A19103F-16F7-4668-BE54-9A1E7A4F7556}") = "Setting", "Setting\Setting.csproj", "{B15B49D3-A99E-4EDE-98A8-CB63E448FE7F}"
EndProject
Global
	GlobalSection(SolutionConfigurationPlatforms) = preSolution
		Debug|Any CPU = Debug|Any CPU
		Release|Any CPU = Release|Any CPU
	EndGlobalSection
	GlobalSection(ProjectConfigurationPlatforms) = postSolution
		{B15B49D3-A99E-4EDE-98A8-CB63E448FE7F}.Debug|Any CPU.ActiveCfg = Debug|Any CPU
		{B15B49D3-A99E-4EDE-98A8-CB63E448FE7F}.Debug|Any CPU.Build.0 = Debug|Any CPU
		{B15B49D3-A99E-4EDE-98A8-CB63E448FE7F}.Release|Any CPU.ActiveCfg = Release|Any CPU
		{B15B49D3-A99E-4EDE-98A8-CB63E448FE7F}.Release|Any CPU.Build.0 = Release|Any CPU
	EndGlobalSection
	GlobalSection(SolutionProperties) = preSolution
		HideSolutionNode = FALSE
	EndGlobalSection
	GlobalSection(ExtensibilityGlobals) = postSolution
		SolutionGuid = {4A39B297-7427-4A21-A153-C59AFC38B187}
	EndGlobalSection
EndGlobal
